
Microsoft Visual Studio Solution File, Format Version 12.00
# Visual Studio Version 16
VisualStudioVersion = 16.0.33130.400
MinimumVisualStudioVersion = 10.0.40219.1
Project("{FAE04EC0-301F-11D3-BF4B-00C04F79EFBC}") = "Mission4Assignment", "Mission4Assignment.csproj", "{28B85B83-CFE0-4BC1-B8FA-7FF7C7EBC43B}"
EndProject
Global
	GlobalSection(SolutionConfigurationPlatforms) = preSolution
		Debug|Any CPU = Debug|Any CPU
		Release|Any CPU = Release|Any CPU
	EndGlobalSection
	GlobalSection(ProjectConfigurationPlatforms) = postSolution
		{28B85B83-CFE0-4BC1-B8FA-7FF7C7EBC43B}.Debug|Any CPU.ActiveCfg = Debug|Any CPU
		{28B85B83-CFE0-4BC1-B8FA-7FF7C7EBC43B}.Debug|Any CPU.Build.0 = Debug|Any CPU
		{28B85B83-CFE0-4BC1-B8FA-7FF7C7EBC43B}.Release|Any CPU.ActiveCfg = Release|Any CPU
		{28B85B83-CFE0-4BC1-B8FA-7FF7C7EBC43B}.Release|Any CPU.Build.0 = Release|Any CPU
	EndGlobalSection
	GlobalSection(SolutionProperties) = preSolution
		HideSolutionNode = FALSE
	EndGlobalSection
	GlobalSection(ExtensibilityGlobals) = postSolution
		SolutionGuid = {5BBC86F7-F6AE-4BEC-AB13-1AF0FDC8ACFF}
	EndGlobalSection
EndGlobal
